// !$*UTF8*$!
{
	archiveVersion = 1;
	classes = {
	};
	objectVersion = 56;
	objects = {

/* Begin PBXBuildFile section */
		FD1FC76B2B6AE89000BC80EE /* FavoriteMapView.swift in Sources */ = {isa = PBXBuildFile; fileRef = FD1FC76A2B6AE89000BC80EE /* FavoriteMapView.swift */; };
		FD4630EB2B6B7AD100DD1CA4 /* FavoriteListView.swift in Sources */ = {isa = PBXBuildFile; fileRef = FD9C70E72B6AD7050092DAAA /* FavoriteListView.swift */; };
		FD98EB932B67A16500556CC0 /* WeatherAppApp.swift in Sources */ = {isa = PBXBuildFile; fileRef = FD98EB922B67A16500556CC0 /* WeatherAppApp.swift */; };
		FD98EB952B67A16500556CC0 /* WeatherDetailView.swift in Sources */ = {isa = PBXBuildFile; fileRef = FD98EB942B67A16500556CC0 /* WeatherDetailView.swift */; };
		FD98EB972B67A16700556CC0 /* Assets.xcassets in Resources */ = {isa = PBXBuildFile; fileRef = FD98EB962B67A16700556CC0 /* Assets.xcassets */; };
		FD98EB9A2B67A16700556CC0 /* Preview Assets.xcassets in Resources */ = {isa = PBXBuildFile; fileRef = FD98EB992B67A16700556CC0 /* Preview Assets.xcassets */; };
		FD9C70E62B6A81910092DAAA /* RemoteDataSource.swift in Sources */ = {isa = PBXBuildFile; fileRef = FD9C70E52B6A81910092DAAA /* RemoteDataSource.swift */; };
		FD9C70EA2B6AD7E10092DAAA /* FavoriteViewModel.swift in Sources */ = {isa = PBXBuildFile; fileRef = FD9C70E92B6AD7E10092DAAA /* FavoriteViewModel.swift */; };
		FDD62B882B6BBC2300364D1D /* FavoriteView.swift in Sources */ = {isa = PBXBuildFile; fileRef = FDD62B872B6BBC2300364D1D /* FavoriteView.swift */; };
		FDD62B8C2B6BC04200364D1D /* CLLocation+Weather.swift in Sources */ = {isa = PBXBuildFile; fileRef = FDD62B8B2B6BC04200364D1D /* CLLocation+Weather.swift */; };
		FDD62B8F2B6BF83900364D1D /* Color+Weather.swift in Sources */ = {isa = PBXBuildFile; fileRef = FDD62B8E2B6BF83900364D1D /* Color+Weather.swift */; };
		FDD62D1C2B67FB9A00A58F2B /* WeatherClient.swift in Sources */ = {isa = PBXBuildFile; fileRef = FDD62D1B2B67FB9A00A58F2B /* WeatherClient.swift */; };
		FDD62D1F2B6816AC00A58F2B /* URLBuilder.swift in Sources */ = {isa = PBXBuildFile; fileRef = FDD62D1E2B6816AC00A58F2B /* URLBuilder.swift */; };
		FDD62D212B6816DD00A58F2B /* WeatherClientPaths.swift in Sources */ = {isa = PBXBuildFile; fileRef = FDD62D202B6816DD00A58F2B /* WeatherClientPaths.swift */; };
		FDD62D232B68170900A58F2B /* Logger.swift in Sources */ = {isa = PBXBuildFile; fileRef = FDD62D222B68170900A58F2B /* Logger.swift */; };
		FDD62D252B68175D00A58F2B /* Environment.swift in Sources */ = {isa = PBXBuildFile; fileRef = FDD62D242B68175C00A58F2B /* Environment.swift */; };
		FDD62D272B68179300A58F2B /* NetworkClientHelpers.swift in Sources */ = {isa = PBXBuildFile; fileRef = FDD62D262B68179300A58F2B /* NetworkClientHelpers.swift */; };
		FDD62D292B6817DD00A58F2B /* Date+Weather.swift in Sources */ = {isa = PBXBuildFile; fileRef = FDD62D282B6817DD00A58F2B /* Date+Weather.swift */; };
		FDD62D2C2B6817FF00A58F2B /* NetworkClient.swift in Sources */ = {isa = PBXBuildFile; fileRef = FDD62D2B2B6817FF00A58F2B /* NetworkClient.swift */; };
		FDD62D322B69058E00A58F2B /* LocationManager.swift in Sources */ = {isa = PBXBuildFile; fileRef = FDD62D312B69058E00A58F2B /* LocationManager.swift */; };
		FDD62D342B69075800A58F2B /* WeatherDetailViewModel.swift in Sources */ = {isa = PBXBuildFile; fileRef = FDD62D332B69075800A58F2B /* WeatherDetailViewModel.swift */; };
		FDD62D382B6907D200A58F2B /* ForecastModel.swift in Sources */ = {isa = PBXBuildFile; fileRef = FDD62D372B6907D200A58F2B /* ForecastModel.swift */; };
		FDD62D3A2B69081A00A58F2B /* TodayWeatherModel.swift in Sources */ = {isa = PBXBuildFile; fileRef = FDD62D392B69081A00A58F2B /* TodayWeatherModel.swift */; };
		FDD62D3C2B6908A900A58F2B /* Double+Weather.swift in Sources */ = {isa = PBXBuildFile; fileRef = FDD62D3B2B6908A900A58F2B /* Double+Weather.swift */; };
		FDD62D402B6913E100A58F2B /* TodayWeatherUIModel.swift in Sources */ = {isa = PBXBuildFile; fileRef = FDD62D3F2B6913E100A58F2B /* TodayWeatherUIModel.swift */; };
		FDD62D422B69142100A58F2B /* WeatherForecastUIModel.swift in Sources */ = {isa = PBXBuildFile; fileRef = FDD62D412B69142100A58F2B /* WeatherForecastUIModel.swift */; };
		FDD62D4A2B696C9300A58F2B /* WeatherAppTests.swift in Sources */ = {isa = PBXBuildFile; fileRef = FDD62D492B696C9300A58F2B /* WeatherAppTests.swift */; };
/* End PBXBuildFile section */

/* Begin PBXContainerItemProxy section */
		FDD62D4B2B696C9300A58F2B /* PBXContainerItemProxy */ = {
			isa = PBXContainerItemProxy;
			containerPortal = FD98EB872B67A16500556CC0 /* Project object */;
			proxyType = 1;
			remoteGlobalIDString = FD98EB8E2B67A16500556CC0;
			remoteInfo = WeatherApp;
		};
/* End PBXContainerItemProxy section */

/* Begin PBXFileReference section */
		FD1FC76A2B6AE89000BC80EE /* FavoriteMapView.swift */ = {isa = PBXFileReference; lastKnownFileType = sourcecode.swift; path = FavoriteMapView.swift; sourceTree = "<group>"; };
		FD98EB8F2B67A16500556CC0 /* WeatherApp.app */ = {isa = PBXFileReference; explicitFileType = wrapper.application; includeInIndex = 0; path = WeatherApp.app; sourceTree = BUILT_PRODUCTS_DIR; };
		FD98EB922B67A16500556CC0 /* WeatherAppApp.swift */ = {isa = PBXFileReference; lastKnownFileType = sourcecode.swift; path = WeatherAppApp.swift; sourceTree = "<group>"; };
		FD98EB942B67A16500556CC0 /* WeatherDetailView.swift */ = {isa = PBXFileReference; lastKnownFileType = sourcecode.swift; path = WeatherDetailView.swift; sourceTree = "<group>"; };
		FD98EB962B67A16700556CC0 /* Assets.xcassets */ = {isa = PBXFileReference; lastKnownFileType = folder.assetcatalog; path = Assets.xcassets; sourceTree = "<group>"; };
		FD98EB992B67A16700556CC0 /* Preview Assets.xcassets */ = {isa = PBXFileReference; lastKnownFileType = folder.assetcatalog; path = "Preview Assets.xcassets"; sourceTree = "<group>"; };
		FD9C70E52B6A81910092DAAA /* RemoteDataSource.swift */ = {isa = PBXFileReference; lastKnownFileType = sourcecode.swift; path = RemoteDataSource.swift; sourceTree = "<group>"; };
		FD9C70E72B6AD7050092DAAA /* FavoriteListView.swift */ = {isa = PBXFileReference; lastKnownFileType = sourcecode.swift; path = FavoriteListView.swift; sourceTree = "<group>"; };
		FD9C70E92B6AD7E10092DAAA /* FavoriteViewModel.swift */ = {isa = PBXFileReference; lastKnownFileType = sourcecode.swift; path = FavoriteViewModel.swift; sourceTree = "<group>"; };
		FDD62B872B6BBC2300364D1D /* FavoriteView.swift */ = {isa = PBXFileReference; lastKnownFileType = sourcecode.swift; path = FavoriteView.swift; sourceTree = "<group>"; };
		FDD62B8B2B6BC04200364D1D /* CLLocation+Weather.swift */ = {isa = PBXFileReference; lastKnownFileType = sourcecode.swift; path = "CLLocation+Weather.swift"; sourceTree = "<group>"; };
		FDD62B8E2B6BF83900364D1D /* Color+Weather.swift */ = {isa = PBXFileReference; lastKnownFileType = sourcecode.swift; path = "Color+Weather.swift"; sourceTree = "<group>"; };
		FDD62D1B2B67FB9A00A58F2B /* WeatherClient.swift */ = {isa = PBXFileReference; lastKnownFileType = sourcecode.swift; path = WeatherClient.swift; sourceTree = "<group>"; };
		FDD62D1E2B6816AC00A58F2B /* URLBuilder.swift */ = {isa = PBXFileReference; lastKnownFileType = sourcecode.swift; path = URLBuilder.swift; sourceTree = "<group>"; };
		FDD62D202B6816DD00A58F2B /* WeatherClientPaths.swift */ = {isa = PBXFileReference; lastKnownFileType = sourcecode.swift; path = WeatherClientPaths.swift; sourceTree = "<group>"; };
		FDD62D222B68170900A58F2B /* Logger.swift */ = {isa = PBXFileReference; lastKnownFileType = sourcecode.swift; path = Logger.swift; sourceTree = "<group>"; };
		FDD62D242B68175C00A58F2B /* Environment.swift */ = {isa = PBXFileReference; lastKnownFileType = sourcecode.swift; path = Environment.swift; sourceTree = "<group>"; };
		FDD62D262B68179300A58F2B /* NetworkClientHelpers.swift */ = {isa = PBXFileReference; lastKnownFileType = sourcecode.swift; path = NetworkClientHelpers.swift; sourceTree = "<group>"; };
		FDD62D282B6817DD00A58F2B /* Date+Weather.swift */ = {isa = PBXFileReference; lastKnownFileType = sourcecode.swift; path = "Date+Weather.swift"; sourceTree = "<group>"; };
		FDD62D2B2B6817FF00A58F2B /* NetworkClient.swift */ = {isa = PBXFileReference; lastKnownFileType = sourcecode.swift; path = NetworkClient.swift; sourceTree = "<group>"; };
		FDD62D312B69058E00A58F2B /* LocationManager.swift */ = {isa = PBXFileReference; lastKnownFileType = sourcecode.swift; path = LocationManager.swift; sourceTree = "<group>"; };
		FDD62D332B69075800A58F2B /* WeatherDetailViewModel.swift */ = {isa = PBXFileReference; lastKnownFileType = sourcecode.swift; path = WeatherDetailViewModel.swift; sourceTree = "<group>"; };
		FDD62D372B6907D200A58F2B /* ForecastModel.swift */ = {isa = PBXFileReference; lastKnownFileType = sourcecode.swift; path = ForecastModel.swift; sourceTree = "<group>"; };
		FDD62D392B69081A00A58F2B /* TodayWeatherModel.swift */ = {isa = PBXFileReference; lastKnownFileType = sourcecode.swift; path = TodayWeatherModel.swift; sourceTree = "<group>"; };
		FDD62D3B2B6908A900A58F2B /* Double+Weather.swift */ = {isa = PBXFileReference; lastKnownFileType = sourcecode.swift; path = "Double+Weather.swift"; sourceTree = "<group>"; };
		FDD62D3E2B690D2300A58F2B /* Info.plist */ = {isa = PBXFileReference; lastKnownFileType = text.plist; path = Info.plist; sourceTree = "<group>"; };
		FDD62D3F2B6913E100A58F2B /* TodayWeatherUIModel.swift */ = {isa = PBXFileReference; lastKnownFileType = sourcecode.swift; path = TodayWeatherUIModel.swift; sourceTree = "<group>"; };
		FDD62D412B69142100A58F2B /* WeatherForecastUIModel.swift */ = {isa = PBXFileReference; lastKnownFileType = sourcecode.swift; path = WeatherForecastUIModel.swift; sourceTree = "<group>"; };
		FDD62D472B696C9300A58F2B /* WeatherAppTests.xctest */ = {isa = PBXFileReference; explicitFileType = wrapper.cfbundle; includeInIndex = 0; path = WeatherAppTests.xctest; sourceTree = BUILT_PRODUCTS_DIR; };
		FDD62D492B696C9300A58F2B /* WeatherAppTests.swift */ = {isa = PBXFileReference; lastKnownFileType = sourcecode.swift; path = WeatherAppTests.swift; sourceTree = "<group>"; };
/* End PBXFileReference section */

/* Begin PBXFrameworksBuildPhase section */
		FD98EB8C2B67A16500556CC0 /* Frameworks */ = {
			isa = PBXFrameworksBuildPhase;
			buildActionMask = 2147483647;
			files = (
			);
			runOnlyForDeploymentPostprocessing = 0;
		};
		FDD62D442B696C9300A58F2B /* Frameworks */ = {
			isa = PBXFrameworksBuildPhase;
			buildActionMask = 2147483647;
			files = (
			);
			runOnlyForDeploymentPostprocessing = 0;
		};
/* End PBXFrameworksBuildPhase section */

/* Begin PBXGroup section */
		FD4FC85B2B6AFB190042D683 /* FavoriteView */ = {
			isa = PBXGroup;
			children = (
				FD9C70E72B6AD7050092DAAA /* FavoriteListView.swift */,
				FD1FC76A2B6AE89000BC80EE /* FavoriteMapView.swift */,
				FD9C70E92B6AD7E10092DAAA /* FavoriteViewModel.swift */,
				FDD62B872B6BBC2300364D1D /* FavoriteView.swift */,
			);
			path = FavoriteView;
			sourceTree = "<group>";
		};
		FD98EB862B67A16500556CC0 = {
			isa = PBXGroup;
			children = (
				FD98EB912B67A16500556CC0 /* WeatherApp */,
				FDD62D482B696C9300A58F2B /* WeatherAppTests */,
				FD98EB902B67A16500556CC0 /* Products */,
			);
			sourceTree = "<group>";
		};
		FD98EB902B67A16500556CC0 /* Products */ = {
			isa = PBXGroup;
			children = (
				FD98EB8F2B67A16500556CC0 /* WeatherApp.app */,
				FDD62D472B696C9300A58F2B /* WeatherAppTests.xctest */,
			);
			name = Products;
			sourceTree = "<group>";
		};
		FD98EB912B67A16500556CC0 /* WeatherApp */ = {
			isa = PBXGroup;
			children = (
				FDD62D3D2B69093800A58F2B /* Extensions */,
				FDD62B8D2B6BE9AE00364D1D /* WeatherDetail */,
				FD4FC85B2B6AFB190042D683 /* FavoriteView */,
				FDD62D3E2B690D2300A58F2B /* Info.plist */,
				FDD62D1D2B68169200A58F2B /* Network */,
				FD98EB922B67A16500556CC0 /* WeatherAppApp.swift */,
				FD98EB962B67A16700556CC0 /* Assets.xcassets */,
				FD98EB982B67A16700556CC0 /* Preview Content */,
				FDD62D312B69058E00A58F2B /* LocationManager.swift */,
			);
			path = WeatherApp;
			sourceTree = "<group>";
		};
		FD98EB982B67A16700556CC0 /* Preview Content */ = {
			isa = PBXGroup;
			children = (
				FD98EB992B67A16700556CC0 /* Preview Assets.xcassets */,
			);
			path = "Preview Content";
			sourceTree = "<group>";
		};
		FDD62B8D2B6BE9AE00364D1D /* WeatherDetail */ = {
			isa = PBXGroup;
			children = (
				FD98EB942B67A16500556CC0 /* WeatherDetailView.swift */,
				FDD62D332B69075800A58F2B /* WeatherDetailViewModel.swift */,
			);
			path = WeatherDetail;
			sourceTree = "<group>";
		};
		FDD62D1D2B68169200A58F2B /* Network */ = {
			isa = PBXGroup;
			children = (
				FDD62D352B6907AD00A58F2B /* Models */,
				FDD62D1E2B6816AC00A58F2B /* URLBuilder.swift */,
				FDD62D202B6816DD00A58F2B /* WeatherClientPaths.swift */,
				FDD62D222B68170900A58F2B /* Logger.swift */,
				FDD62D1B2B67FB9A00A58F2B /* WeatherClient.swift */,
				FDD62D242B68175C00A58F2B /* Environment.swift */,
				FDD62D262B68179300A58F2B /* NetworkClientHelpers.swift */,
				FDD62D2B2B6817FF00A58F2B /* NetworkClient.swift */,
				FD9C70E52B6A81910092DAAA /* RemoteDataSource.swift */,
			);
			path = Network;
			sourceTree = "<group>";
		};
		FDD62D352B6907AD00A58F2B /* Models */ = {
			isa = PBXGroup;
			children = (
				FDD62D372B6907D200A58F2B /* ForecastModel.swift */,
				FDD62D392B69081A00A58F2B /* TodayWeatherModel.swift */,
				FDD62D3F2B6913E100A58F2B /* TodayWeatherUIModel.swift */,
				FDD62D412B69142100A58F2B /* WeatherForecastUIModel.swift */,
			);
			path = Models;
			sourceTree = "<group>";
		};
		FDD62D3D2B69093800A58F2B /* Extensions */ = {
			isa = PBXGroup;
			children = (
				FDD62D3B2B6908A900A58F2B /* Double+Weather.swift */,
				FDD62D282B6817DD00A58F2B /* Date+Weather.swift */,
				FDD62B8B2B6BC04200364D1D /* CLLocation+Weather.swift */,
				FDD62B8E2B6BF83900364D1D /* Color+Weather.swift */,
			);
			path = Extensions;
			sourceTree = "<group>";
		};
		FDD62D482B696C9300A58F2B /* WeatherAppTests */ = {
			isa = PBXGroup;
			children = (
				FDD62D492B696C9300A58F2B /* WeatherAppTests.swift */,
			);
			path = WeatherAppTests;
			sourceTree = "<group>";
		};
/* End PBXGroup section */

/* Begin PBXNativeTarget section */
		FD98EB8E2B67A16500556CC0 /* WeatherApp */ = {
			isa = PBXNativeTarget;
			buildConfigurationList = FD98EB9D2B67A16700556CC0 /* Build configuration list for PBXNativeTarget "WeatherApp" */;
			buildPhases = (
				FD98EB8B2B67A16500556CC0 /* Sources */,
				FD98EB8C2B67A16500556CC0 /* Frameworks */,
				FD98EB8D2B67A16500556CC0 /* Resources */,
			);
			buildRules = (
			);
			dependencies = (
			);
			name = WeatherApp;
			productName = WeatherApp;
			productReference = FD98EB8F2B67A16500556CC0 /* WeatherApp.app */;
			productType = "com.apple.product-type.application";
		};
		FDD62D462B696C9300A58F2B /* WeatherAppTests */ = {
			isa = PBXNativeTarget;
			buildConfigurationList = FDD62D4F2B696C9300A58F2B /* Build configuration list for PBXNativeTarget "WeatherAppTests" */;
			buildPhases = (
				FDD62D432B696C9300A58F2B /* Sources */,
				FDD62D442B696C9300A58F2B /* Frameworks */,
				FDD62D452B696C9300A58F2B /* Resources */,
			);
			buildRules = (
			);
			dependencies = (
				FDD62D4C2B696C9300A58F2B /* PBXTargetDependency */,
			);
			name = WeatherAppTests;
			productName = WeatherAppTests;
			productReference = FDD62D472B696C9300A58F2B /* WeatherAppTests.xctest */;
			productType = "com.apple.product-type.bundle.unit-test";
		};
/* End PBXNativeTarget section */

/* Begin PBXProject section */
		FD98EB872B67A16500556CC0 /* Project object */ = {
			isa = PBXProject;
			attributes = {
				BuildIndependentTargetsInParallel = 1;
				LastSwiftUpdateCheck = 1520;
				LastUpgradeCheck = 1520;
				TargetAttributes = {
					FD98EB8E2B67A16500556CC0 = {
						CreatedOnToolsVersion = 15.2;
					};
					FDD62D462B696C9300A58F2B = {
						CreatedOnToolsVersion = 15.2;
						TestTargetID = FD98EB8E2B67A16500556CC0;
					};
				};
			};
			buildConfigurationList = FD98EB8A2B67A16500556CC0 /* Build configuration list for PBXProject "WeatherApp" */;
			compatibilityVersion = "Xcode 14.0";
			developmentRegion = en;
			hasScannedForEncodings = 0;
			knownRegions = (
				en,
				Base,
			);
			mainGroup = FD98EB862B67A16500556CC0;
			productRefGroup = FD98EB902B67A16500556CC0 /* Products */;
			projectDirPath = "";
			projectRoot = "";
			targets = (
				FD98EB8E2B67A16500556CC0 /* WeatherApp */,
				FDD62D462B696C9300A58F2B /* WeatherAppTests */,
			);
		};
/* End PBXProject section */

/* Begin PBXResourcesBuildPhase section */
		FD98EB8D2B67A16500556CC0 /* Resources */ = {
			isa = PBXResourcesBuildPhase;
			buildActionMask = 2147483647;
			files = (
				FD98EB9A2B67A16700556CC0 /* Preview Assets.xcassets in Resources */,
				FD98EB972B67A16700556CC0 /* Assets.xcassets in Resources */,
			);
			runOnlyForDeploymentPostprocessing = 0;
		};
		FDD62D452B696C9300A58F2B /* Resources */ = {
			isa = PBXResourcesBuildPhase;
			buildActionMask = 2147483647;
			files = (
			);
			runOnlyForDeploymentPostprocessing = 0;
		};
/* End PBXResourcesBuildPhase section */

/* Begin PBXSourcesBuildPhase section */
		FD98EB8B2B67A16500556CC0 /* Sources */ = {
			isa = PBXSourcesBuildPhase;
			buildActionMask = 2147483647;
			files = (
				FDD62B8F2B6BF83900364D1D /* Color+Weather.swift in Sources */,
				FDD62D292B6817DD00A58F2B /* Date+Weather.swift in Sources */,
				FD98EB952B67A16500556CC0 /* WeatherDetailView.swift in Sources */,
				FDD62D272B68179300A58F2B /* NetworkClientHelpers.swift in Sources */,
				FDD62D2C2B6817FF00A58F2B /* NetworkClient.swift in Sources */,
				FDD62D3A2B69081A00A58F2B /* TodayWeatherModel.swift in Sources */,
				FDD62D422B69142100A58F2B /* WeatherForecastUIModel.swift in Sources */,
				FDD62D232B68170900A58F2B /* Logger.swift in Sources */,
				FDD62D342B69075800A58F2B /* WeatherDetailViewModel.swift in Sources */,
				FDD62D1F2B6816AC00A58F2B /* URLBuilder.swift in Sources */,
				FD1FC76B2B6AE89000BC80EE /* FavoriteMapView.swift in Sources */,
				FDD62D252B68175D00A58F2B /* Environment.swift in Sources */,
				FD9C70E62B6A81910092DAAA /* RemoteDataSource.swift in Sources */,
				FDD62D402B6913E100A58F2B /* TodayWeatherUIModel.swift in Sources */,
				FDD62D1C2B67FB9A00A58F2B /* WeatherClient.swift in Sources */,
				FD98EB932B67A16500556CC0 /* WeatherAppApp.swift in Sources */,
				FDD62B8C2B6BC04200364D1D /* CLLocation+Weather.swift in Sources */,
				FDD62D212B6816DD00A58F2B /* WeatherClientPaths.swift in Sources */,
				FDD62B882B6BBC2300364D1D /* FavoriteView.swift in Sources */,
				FDD62D3C2B6908A900A58F2B /* Double+Weather.swift in Sources */,
				FD4630EB2B6B7AD100DD1CA4 /* FavoriteListView.swift in Sources */,
				FDD62D322B69058E00A58F2B /* LocationManager.swift in Sources */,
				FD9C70EA2B6AD7E10092DAAA /* FavoriteViewModel.swift in Sources */,
				FDD62D382B6907D200A58F2B /* ForecastModel.swift in Sources */,
			);
			runOnlyForDeploymentPostprocessing = 0;
		};
		FDD62D432B696C9300A58F2B /* Sources */ = {
			isa = PBXSourcesBuildPhase;
			buildActionMask = 2147483647;
			files = (
				FDD62D4A2B696C9300A58F2B /* WeatherAppTests.swift in Sources */,
			);
			runOnlyForDeploymentPostprocessing = 0;
		};
/* End PBXSourcesBuildPhase section */

/* Begin PBXTargetDependency section */
		FDD62D4C2B696C9300A58F2B /* PBXTargetDependency */ = {
			isa = PBXTargetDependency;
			target = FD98EB8E2B67A16500556CC0 /* WeatherApp */;
			targetProxy = FDD62D4B2B696C9300A58F2B /* PBXContainerItemProxy */;
		};
/* End PBXTargetDependency section */

/* Begin XCBuildConfiguration section */
		FD98EB9B2B67A16700556CC0 /* Debug */ = {
			isa = XCBuildConfiguration;
			buildSettings = {
				ALWAYS_SEARCH_USER_PATHS = NO;
				ASSETCATALOG_COMPILER_GENERATE_SWIFT_ASSET_SYMBOL_EXTENSIONS = YES;
				CLANG_ANALYZER_NONNULL = YES;
				CLANG_ANALYZER_NUMBER_OBJECT_CONVERSION = YES_AGGRESSIVE;
				CLANG_CXX_LANGUAGE_STANDARD = "gnu++20";
				CLANG_ENABLE_MODULES = YES;
				CLANG_ENABLE_OBJC_ARC = YES;
				CLANG_ENABLE_OBJC_WEAK = YES;
				CLANG_WARN_BLOCK_CAPTURE_AUTORELEASING = YES;
				CLANG_WARN_BOOL_CONVERSION = YES;
				CLANG_WARN_COMMA = YES;
				CLANG_WARN_CONSTANT_CONVERSION = YES;
				CLANG_WARN_DEPRECATED_OBJC_IMPLEMENTATIONS = YES;
				CLANG_WARN_DIRECT_OBJC_ISA_USAGE = YES_ERROR;
				CLANG_WARN_DOCUMENTATION_COMMENTS = YES;
				CLANG_WARN_EMPTY_BODY = YES;
				CLANG_WARN_ENUM_CONVERSION = YES;
				CLANG_WARN_INFINITE_RECURSION = YES;
				CLANG_WARN_INT_CONVERSION = YES;
				CLANG_WARN_NON_LITERAL_NULL_CONVERSION = YES;
				CLANG_WARN_OBJC_IMPLICIT_RETAIN_SELF = YES;
				CLANG_WARN_OBJC_LITERAL_CONVERSION = YES;
				CLANG_WARN_OBJC_ROOT_CLASS = YES_ERROR;
				CLANG_WARN_QUOTED_INCLUDE_IN_FRAMEWORK_HEADER = YES;
				CLANG_WARN_RANGE_LOOP_ANALYSIS = YES;
				CLANG_WARN_STRICT_PROTOTYPES = YES;
				CLANG_WARN_SUSPICIOUS_MOVE = YES;
				CLANG_WARN_UNGUARDED_AVAILABILITY = YES_AGGRESSIVE;
				CLANG_WARN_UNREACHABLE_CODE = YES;
				CLANG_WARN__DUPLICATE_METHOD_MATCH = YES;
				COPY_PHASE_STRIP = NO;
				DEBUG_INFORMATION_FORMAT = dwarf;
				ENABLE_STRICT_OBJC_MSGSEND = YES;
				ENABLE_TESTABILITY = YES;
				ENABLE_USER_SCRIPT_SANDBOXING = YES;
				GCC_C_LANGUAGE_STANDARD = gnu17;
				GCC_DYNAMIC_NO_PIC = NO;
				GCC_NO_COMMON_BLOCKS = YES;
				GCC_OPTIMIZATION_LEVEL = 0;
				GCC_PREPROCESSOR_DEFINITIONS = (
					"DEBUG=1",
					"$(inherited)",
				);
				GCC_WARN_64_TO_32_BIT_CONVERSION = YES;
				GCC_WARN_ABOUT_RETURN_TYPE = YES_ERROR;
				GCC_WARN_UNDECLARED_SELECTOR = YES;
				GCC_WARN_UNINITIALIZED_AUTOS = YES_AGGRESSIVE;
				GCC_WARN_UNUSED_FUNCTION = YES;
				GCC_WARN_UNUSED_VARIABLE = YES;
				IPHONEOS_DEPLOYMENT_TARGET = 17.2;
				LOCALIZATION_PREFERS_STRING_CATALOGS = YES;
				MTL_ENABLE_DEBUG_INFO = INCLUDE_SOURCE;
				MTL_FAST_MATH = YES;
				ONLY_ACTIVE_ARCH = YES;
				SDKROOT = iphoneos;
				SWIFT_ACTIVE_COMPILATION_CONDITIONS = "DEBUG $(inherited)";
				SWIFT_OPTIMIZATION_LEVEL = "-Onone";
			};
			name = Debug;
		};
		FD98EB9C2B67A16700556CC0 /* Release */ = {
			isa = XCBuildConfiguration;
			buildSettings = {
				ALWAYS_SEARCH_USER_PATHS = NO;
				ASSETCATALOG_COMPILER_GENERATE_SWIFT_ASSET_SYMBOL_EXTENSIONS = YES;
				CLANG_ANALYZER_NONNULL = YES;
				CLANG_ANALYZER_NUMBER_OBJECT_CONVERSION = YES_AGGRESSIVE;
				CLANG_CXX_LANGUAGE_STANDARD = "gnu++20";
				CLANG_ENABLE_MODULES = YES;
				CLANG_ENABLE_OBJC_ARC = YES;
				CLANG_ENABLE_OBJC_WEAK = YES;
				CLANG_WARN_BLOCK_CAPTURE_AUTORELEASING = YES;
				CLANG_WARN_BOOL_CONVERSION = YES;
				CLANG_WARN_COMMA = YES;
				CLANG_WARN_CONSTANT_CONVERSION = YES;
				CLANG_WARN_DEPRECATED_OBJC_IMPLEMENTATIONS = YES;
				CLANG_WARN_DIRECT_OBJC_ISA_USAGE = YES_ERROR;
				CLANG_WARN_DOCUMENTATION_COMMENTS = YES;
				CLANG_WARN_EMPTY_BODY = YES;
				CLANG_WARN_ENUM_CONVERSION = YES;
				CLANG_WARN_INFINITE_RECURSION = YES;
				CLANG_WARN_INT_CONVERSION = YES;
				CLANG_WARN_NON_LITERAL_NULL_CONVERSION = YES;
				CLANG_WARN_OBJC_IMPLICIT_RETAIN_SELF = YES;
				CLANG_WARN_OBJC_LITERAL_CONVERSION = YES;
				CLANG_WARN_OBJC_ROOT_CLASS = YES_ERROR;
				CLANG_WARN_QUOTED_INCLUDE_IN_FRAMEWORK_HEADER = YES;
				CLANG_WARN_RANGE_LOOP_ANALYSIS = YES;
				CLANG_WARN_STRICT_PROTOTYPES = YES;
				CLANG_WARN_SUSPICIOUS_MOVE = YES;
				CLANG_WARN_UNGUARDED_AVAILABILITY = YES_AGGRESSIVE;
				CLANG_WARN_UNREACHABLE_CODE = YES;
				CLANG_WARN__DUPLICATE_METHOD_MATCH = YES;
				COPY_PHASE_STRIP = NO;
				DEBUG_INFORMATION_FORMAT = "dwarf-with-dsym";
				ENABLE_NS_ASSERTIONS = NO;
				ENABLE_STRICT_OBJC_MSGSEND = YES;
				ENABLE_USER_SCRIPT_SANDBOXING = YES;
				GCC_C_LANGUAGE_STANDARD = gnu17;
				GCC_NO_COMMON_BLOCKS = YES;
				GCC_WARN_64_TO_32_BIT_CONVERSION = YES;
				GCC_WARN_ABOUT_RETURN_TYPE = YES_ERROR;
				GCC_WARN_UNDECLARED_SELECTOR = YES;
				GCC_WARN_UNINITIALIZED_AUTOS = YES_AGGRESSIVE;
				GCC_WARN_UNUSED_FUNCTION = YES;
				GCC_WARN_UNUSED_VARIABLE = YES;
				IPHONEOS_DEPLOYMENT_TARGET = 17.2;
				LOCALIZATION_PREFERS_STRING_CATALOGS = YES;
				MTL_ENABLE_DEBUG_INFO = NO;
				MTL_FAST_MATH = YES;
				SDKROOT = iphoneos;
				SWIFT_COMPILATION_MODE = wholemodule;
				VALIDATE_PRODUCT = YES;
			};
			name = Release;
		};
		FD98EB9E2B67A16700556CC0 /* Debug */ = {
			isa = XCBuildConfiguration;
			buildSettings = {
				ASSETCATALOG_COMPILER_APPICON_NAME = AppIcon;
				ASSETCATALOG_COMPILER_GLOBAL_ACCENT_COLOR_NAME = AccentColor;
				CODE_SIGN_STYLE = Automatic;
				CURRENT_PROJECT_VERSION = 1;
				DEVELOPMENT_ASSET_PATHS = "\"WeatherApp/Preview Content\"";
				DEVELOPMENT_TEAM = S82GZQ59NS;
				ENABLE_PREVIEWS = YES;
				GENERATE_INFOPLIST_FILE = YES;
				INFOPLIST_FILE = WeatherApp/Info.plist;
				INFOPLIST_KEY_NSLocationAlwaysAndWhenInUseUsageDescription = "We require your location in order to accurately show you weather";
				INFOPLIST_KEY_NSLocationAlwaysUsageDescription = "We require your location in order to accurately show you weather";
				INFOPLIST_KEY_UIApplicationSceneManifest_Generation = YES;
				INFOPLIST_KEY_UIApplicationSupportsIndirectInputEvents = YES;
				INFOPLIST_KEY_UILaunchScreen_Generation = YES;
				INFOPLIST_KEY_UISupportedInterfaceOrientations_iPad = "UIInterfaceOrientationPortrait UIInterfaceOrientationPortraitUpsideDown UIInterfaceOrientationLandscapeLeft UIInterfaceOrientationLandscapeRight";
				INFOPLIST_KEY_UISupportedInterfaceOrientations_iPhone = "UIInterfaceOrientationPortrait UIInterfaceOrientationLandscapeLeft UIInterfaceOrientationLandscapeRight";
				LD_RUNPATH_SEARCH_PATHS = (
					"$(inherited)",
					"@executable_path/Frameworks",
				);
				MARKETING_VERSION = 1.0;
				PRODUCT_BUNDLE_IDENTIFIER = nnn.WeatherApp;
				PRODUCT_NAME = "$(TARGET_NAME)";
				SWIFT_EMIT_LOC_STRINGS = YES;
				SWIFT_VERSION = 5.0;
				TARGETED_DEVICE_FAMILY = "1,2";
			};
			name = Debug;
		};
		FD98EB9F2B67A16700556CC0 /* Release */ = {
			isa = XCBuildConfiguration;
			buildSettings = {
				ASSETCATALOG_COMPILER_APPICON_NAME = AppIcon;
				ASSETCATALOG_COMPILER_GLOBAL_ACCENT_COLOR_NAME = AccentColor;
				CODE_SIGN_STYLE = Automatic;
				CURRENT_PROJECT_VERSION = 1;
				DEVELOPMENT_ASSET_PATHS = "\"WeatherApp/Preview Content\"";
				DEVELOPMENT_TEAM = S82GZQ59NS;
				ENABLE_PREVIEWS = YES;
				GENERATE_INFOPLIST_FILE = YES;
				INFOPLIST_FILE = WeatherApp/Info.plist;
				INFOPLIST_KEY_NSLocationAlwaysAndWhenInUseUsageDescription = "We require your location in order to accurately show you weather";
				INFOPLIST_KEY_NSLocationAlwaysUsageDescription = "We require your location in order to accurately show you weather";
				INFOPLIST_KEY_UIApplicationSceneManifest_Generation = YES;
				INFOPLIST_KEY_UIApplicationSupportsIndirectInputEvents = YES;
				INFOPLIST_KEY_UILaunchScreen_Generation = YES;
				INFOPLIST_KEY_UISupportedInterfaceOrientations_iPad = "UIInterfaceOrientationPortrait UIInterfaceOrientationPortraitUpsideDown UIInterfaceOrientationLandscapeLeft UIInterfaceOrientationLandscapeRight";
				INFOPLIST_KEY_UISupportedInterfaceOrientations_iPhone = "UIInterfaceOrientationPortrait UIInterfaceOrientationLandscapeLeft UIInterfaceOrientationLandscapeRight";
				LD_RUNPATH_SEARCH_PATHS = (
					"$(inherited)",
					"@executable_path/Frameworks",
				);
				MARKETING_VERSION = 1.0;
				PRODUCT_BUNDLE_IDENTIFIER = nnn.WeatherApp;
				PRODUCT_NAME = "$(TARGET_NAME)";
				SWIFT_EMIT_LOC_STRINGS = YES;
				SWIFT_VERSION = 5.0;
				TARGETED_DEVICE_FAMILY = "1,2";
			};
			name = Release;
		};
		FDD62D4D2B696C9300A58F2B /* Debug */ = {
			isa = XCBuildConfiguration;
			buildSettings = {
				BUNDLE_LOADER = "$(TEST_HOST)";
				CODE_SIGN_STYLE = Automatic;
				CURRENT_PROJECT_VERSION = 1;
				GENERATE_INFOPLIST_FILE = YES;
				MARKETING_VERSION = 1.0;
				PRODUCT_BUNDLE_IDENTIFIER = nnn.WeatherAppTests;
				PRODUCT_NAME = "$(TARGET_NAME)";
				SWIFT_EMIT_LOC_STRINGS = NO;
				SWIFT_VERSION = 5.0;
				TARGETED_DEVICE_FAMILY = "1,2";
				TEST_HOST = "$(BUILT_PRODUCTS_DIR)/WeatherApp.app/$(BUNDLE_EXECUTABLE_FOLDER_PATH)/WeatherApp";
			};
			name = Debug;
		};
		FDD62D4E2B696C9300A58F2B /* Release */ = {
			isa = XCBuildConfiguration;
			buildSettings = {
				BUNDLE_LOADER = "$(TEST_HOST)";
				CODE_SIGN_STYLE = Automatic;
				CURRENT_PROJECT_VERSION = 1;
				GENERATE_INFOPLIST_FILE = YES;
				MARKETING_VERSION = 1.0;
				PRODUCT_BUNDLE_IDENTIFIER = nnn.WeatherAppTests;
				PRODUCT_NAME = "$(TARGET_NAME)";
				SWIFT_EMIT_LOC_STRINGS = NO;
				SWIFT_VERSION = 5.0;
				TARGETED_DEVICE_FAMILY = "1,2";
				TEST_HOST = "$(BUILT_PRODUCTS_DIR)/WeatherApp.app/$(BUNDLE_EXECUTABLE_FOLDER_PATH)/WeatherApp";
			};
			name = Release;
		};
/* End XCBuildConfiguration section */

/* Begin XCConfigurationList section */
		FD98EB8A2B67A16500556CC0 /* Build configuration list for PBXProject "WeatherApp" */ = {
			isa = XCConfigurationList;
			buildConfigurations = (
				FD98EB9B2B67A16700556CC0 /* Debug */,
				FD98EB9C2B67A16700556CC0 /* Release */,
			);
			defaultConfigurationIsVisible = 0;
			defaultConfigurationName = Release;
		};
		FD98EB9D2B67A16700556CC0 /* Build configuration list for PBXNativeTarget "WeatherApp" */ = {
			isa = XCConfigurationList;
			buildConfigurations = (
				FD98EB9E2B67A16700556CC0 /* Debug */,
				FD98EB9F2B67A16700556CC0 /* Release */,
			);
			defaultConfigurationIsVisible = 0;
			defaultConfigurationName = Release;
		};
		FDD62D4F2B696C9300A58F2B /* Build configuration list for PBXNativeTarget "WeatherAppTests" */ = {
			isa = XCConfigurationList;
			buildConfigurations = (
				FDD62D4D2B696C9300A58F2B /* Debug */,
				FDD62D4E2B696C9300A58F2B /* Release */,
			);
			defaultConfigurationIsVisible = 0;
			defaultConfigurationName = Release;
		};
/* End XCConfigurationList section */
	};
	rootObject = FD98EB872B67A16500556CC0 /* Project object */;
}
